
Microsoft Visual Studio Solution File, Format Version 12.00
# Visual Studio 15
VisualStudioVersion = 15.0.26730.16
MinimumVisualStudioVersion = 10.0.40219.1
Project("{888888A0-9F3D-457C-B088-3A5042F75D52}") = "fantasy-football-api", "fantasy-football-api\fantasy-football-api.pyproj", "{693519FC-6E3A-42F0-932D-D92B560788C9}"
EndProject
Global
	GlobalSection(SolutionConfigurationPlatforms) = preSolution
		Debug|Any CPU = Debug|Any CPU
		Release|Any CPU = Release|Any CPU
	EndGlobalSection
	GlobalSection(ProjectConfigurationPlatforms) = postSolution
		{693519FC-6E3A-42F0-932D-D92B560788C9}.Debug|Any CPU.ActiveCfg = Debug|Any CPU
		{693519FC-6E3A-42F0-932D-D92B560788C9}.Debug|Any CPU.Build.0 = Debug|Any CPU
		{693519FC-6E3A-42F0-932D-D92B560788C9}.Release|Any CPU.ActiveCfg = Release|Any CPU
		{693519FC-6E3A-42F0-932D-D92B560788C9}.Release|Any CPU.Build.0 = Release|Any CPU
	EndGlobalSection
	GlobalSection(SolutionProperties) = preSolution
		HideSolutionNode = FALSE
	EndGlobalSection
	GlobalSection(ExtensibilityGlobals) = postSolution
		SolutionGuid = {B11FFC0B-D8C6-43C0-B080-4BC5AC402387}
	EndGlobalSection
EndGlobal
